{
  "name": "ecs-cdk-templates",
  "version": "1.0.0",
  "lockfileVersion": 1,
  "requires": true,
  "dependencies": {
    "@aws-cdk/assets": {
      "version": "0.18.0",
      "resolved": "https://registry.npmjs.org/@aws-cdk/assets/-/assets-0.18.0.tgz",
      "integrity": "sha512-gh5FhdQtvrqHwjY6nosJQOcN6OjXia/BlxzaU+MTzNTm5oJYB2ZaH7ICpUAvszcJ3/A5fUM3UQvtB+0suCk5+A==",
      "requires": {
        "@aws-cdk/aws-iam": "0.18.0",
        "@aws-cdk/aws-s3": "0.18.0",
        "@aws-cdk/cdk": "0.18.0",
        "@aws-cdk/cx-api": "0.18.0"
      }
    },
    "@aws-cdk/aws-applicationautoscaling": {
      "version": "0.18.0",
      "resolved": "https://registry.npmjs.org/@aws-cdk/aws-applicationautoscaling/-/aws-applicationautoscaling-0.18.0.tgz",
      "integrity": "sha512-I+wISrrUbCpPPIC5u4h5xvIpfkPRRA8m0x1wuGQK8Heyiqy+UI94yvWRR/i8rl8uEZNZ4KZHrbsbw6Ajnu6jjw==",
      "requires": {
        "@aws-cdk/aws-autoscaling-common": "0.18.0",
        "@aws-cdk/aws-cloudwatch": "0.18.0",
        "@aws-cdk/aws-iam": "0.18.0",
        "@aws-cdk/cdk": "0.18.0"
      }
    },
    "@aws-cdk/aws-autoscaling": {
      "version": "0.18.0",
      "resolved": "https://registry.npmjs.org/@aws-cdk/aws-autoscaling/-/aws-autoscaling-0.18.0.tgz",
      "integrity": "sha512-yqz8VATNJvjJnmFCGKvhr3hDX5/Ggbry8OxH7D6FDYuIuIIcsRaWlrUuc0T0/Ty5cR297WcrNocHmP6Zq4YKVg==",
      "requires": {
        "@aws-cdk/aws-autoscaling-api": "0.18.0",
        "@aws-cdk/aws-autoscaling-common": "0.18.0",
        "@aws-cdk/aws-cloudwatch": "0.18.0",
        "@aws-cdk/aws-ec2": "0.18.0",
        "@aws-cdk/aws-elasticloadbalancing": "0.18.0",
        "@aws-cdk/aws-elasticloadbalancingv2": "0.18.0",
        "@aws-cdk/aws-iam": "0.18.0",
        "@aws-cdk/aws-sns": "0.18.0",
        "@aws-cdk/cdk": "0.18.0"
      }
    },
    "@aws-cdk/aws-autoscaling-api": {
      "version": "0.18.0",
      "resolved": "https://registry.npmjs.org/@aws-cdk/aws-autoscaling-api/-/aws-autoscaling-api-0.18.0.tgz",
      "integrity": "sha512-bHl0trBiibg18ab2zJZ2+RNw0SX4DEpmC4/Fcg7CZcwsEbcWMpyYkD+saPQUEFnYP/Ks8NcLpFPLGko0aIO9tA==",
      "requires": {
        "@aws-cdk/aws-iam": "0.18.0",
        "@aws-cdk/cdk": "0.18.0"
      }
    },
    "@aws-cdk/aws-autoscaling-common": {
      "version": "0.18.0",
      "resolved": "https://registry.npmjs.org/@aws-cdk/aws-autoscaling-common/-/aws-autoscaling-common-0.18.0.tgz",
      "integrity": "sha512-9p/GUguBG7lADndVDmL4dZQS0yxja6kwxK72lie3m7rLzEqYlK29d1R8o9rtVBnq32GiEp+UiSpzlJneqwAm9A==",
      "requires": {
        "@aws-cdk/aws-iam": "0.18.0",
        "@aws-cdk/cdk": "0.18.0"
      }
    },
    "@aws-cdk/aws-certificatemanager": {
      "version": "0.18.0",
      "resolved": "https://registry.npmjs.org/@aws-cdk/aws-certificatemanager/-/aws-certificatemanager-0.18.0.tgz",
      "integrity": "sha512-kuGm+PrGphYzQVb/QrtTT87B1P3mb8crNUwNcNshongC0al9htTLQUd0fcZOMBOdXjjBPbSzVHSm1aqbXyBUpA==",
      "requires": {
        "@aws-cdk/aws-iam": "0.18.0",
        "@aws-cdk/cdk": "0.18.0"
      }
    },
    "@aws-cdk/aws-cloudformation": {
      "version": "0.18.0",
      "resolved": "https://registry.npmjs.org/@aws-cdk/aws-cloudformation/-/aws-cloudformation-0.18.0.tgz",
      "integrity": "sha512-6FLwyjBGw9vbboSXKwQmGHFkabcT/V2MEX47FenDmLypUy63SlD1Q681AGGJQyBcsAxWj56pZl43M1yxs/LnuA==",
      "requires": {
        "@aws-cdk/aws-codepipeline-api": "0.18.0",
        "@aws-cdk/aws-iam": "0.18.0",
        "@aws-cdk/aws-lambda": "0.18.0",
        "@aws-cdk/aws-sns": "0.18.0",
        "@aws-cdk/cdk": "0.18.0"
      }
    },
    "@aws-cdk/aws-cloudwatch": {
      "version": "0.18.0",
      "resolved": "https://registry.npmjs.org/@aws-cdk/aws-cloudwatch/-/aws-cloudwatch-0.18.0.tgz",
      "integrity": "sha512-0hVdxR8rgAImKkt+W+q+LNe+pDzF5FDqPPXMvmRW/MtbMq1qkc5+c6a9ln/SlRMoXqpW7O43ZopVuTqO9v2grA==",
      "requires": {
        "@aws-cdk/aws-iam": "0.18.0",
        "@aws-cdk/cdk": "0.18.0"
      }
    },
    "@aws-cdk/aws-codedeploy-api": {
      "version": "0.18.0",
      "resolved": "https://registry.npmjs.org/@aws-cdk/aws-codedeploy-api/-/aws-codedeploy-api-0.18.0.tgz",
      "integrity": "sha512-CshTB9U13U+xHKBYc3sGnyBq6igXYzyGJu3+e+VRXz4wZMDJruwM+ENzcy/ROQOSmgguR2JpXPWB0mPWeE4stQ==",
      "requires": {
        "@aws-cdk/cdk": "0.18.0"
      }
    },
    "@aws-cdk/aws-codepipeline-api": {
      "version": "0.18.0",
      "resolved": "https://registry.npmjs.org/@aws-cdk/aws-codepipeline-api/-/aws-codepipeline-api-0.18.0.tgz",
      "integrity": "sha512-wIOK5Rc1z+l9M9gfxM69BgjeEsgXXgaN+wSFfruaj68SbJ7mczfcbM6IGra9WYamwAaliCWLhZHFPTqveuEVIw==",
      "requires": {
        "@aws-cdk/aws-events": "0.18.0",
        "@aws-cdk/aws-iam": "0.18.0",
        "@aws-cdk/cdk": "0.18.0"
      }
    },
    "@aws-cdk/aws-ec2": {
      "version": "0.18.0",
      "resolved": "https://registry.npmjs.org/@aws-cdk/aws-ec2/-/aws-ec2-0.18.0.tgz",
      "integrity": "sha512-9O1hKMRj/mvB4pilIV/Oc+lEhxGT/a5CDlGZAJsOutPRfaopycjuwULNMKwvch/ezTDd3QY1i18ZZbtp3UT1hw==",
      "requires": {
        "@aws-cdk/aws-iam": "0.18.0",
        "@aws-cdk/cdk": "0.18.0",
        "@aws-cdk/cx-api": "0.18.0"
      },
      "dependencies": {
        "@aws-cdk/aws-iam": {
          "version": "0.18.0",
          "resolved": "https://registry.npmjs.org/@aws-cdk/aws-iam/-/aws-iam-0.18.0.tgz",
          "integrity": "sha512-bOiXSpfam8bpSu5kZGQof8W5s7sA/QKJlC6y7cYT7k55Bm1Gf5mA1ZXGdOXXjpDCqgJY65u0Vwy6koUqZI7mfg==",
          "requires": {
            "@aws-cdk/cdk": "0.18.0"
          }
        },
        "@aws-cdk/cdk": {
          "version": "0.18.0",
          "resolved": "https://registry.npmjs.org/@aws-cdk/cdk/-/cdk-0.18.0.tgz",
          "integrity": "sha512-FguKMU4SI2nU9nEnQm+GdSTiV1e+xDGwR0D3iouWyCnwOiJAiSd9tyMfWUIKCnLpco3bKYnuCnOs2B9558N8xg==",
          "requires": {
            "@aws-cdk/cx-api": "0.18.0",
            "js-base64": "2.4.9",
            "json-diff": "0.3.1"
          },
          "dependencies": {
            "cli-color": {
              "version": "0.1.7",
              "bundled": true,
              "requires": {
                "es5-ext": "0.8.2"
              }
            },
            "difflib": {
              "version": "0.2.4",
              "bundled": true,
              "requires": {
                "heap": "0.2.6"
              }
            },
            "dreamopt": {
              "version": "0.6.0",
              "bundled": true,
              "requires": {
                "wordwrap": "1.0.0"
              }
            },
            "es5-ext": {
              "version": "0.8.2",
              "bundled": true
            },
            "heap": {
              "version": "0.2.6",
              "bundled": true
            },
            "js-base64": {
              "version": "2.4.9",
              "bundled": true
            },
            "json-diff": {
              "version": "0.3.1",
              "bundled": true,
              "requires": {
                "cli-color": "0.1.7",
                "difflib": "0.2.4",
                "dreamopt": "0.6.0"
              }
            },
            "wordwrap": {
              "version": "1.0.0",
              "bundled": true
            }
          }
        },
        "@aws-cdk/cx-api": {
          "version": "0.18.0",
          "resolved": "https://registry.npmjs.org/@aws-cdk/cx-api/-/cx-api-0.18.0.tgz",
          "integrity": "sha512-GQ9D8YrupncuKIkWcvJJIhmrFsCXzEoOx6nsdJypyGnTCJT3KIxg97mNmPTr1sqd/km3S1gSe/WZ0XR+3MJpBw=="
        }
      }
    },
    "@aws-cdk/aws-ecr": {
      "version": "0.18.0",
      "resolved": "https://registry.npmjs.org/@aws-cdk/aws-ecr/-/aws-ecr-0.18.0.tgz",
      "integrity": "sha512-mxHHQC1ACP+UV0HHiQhjWWkd1HIOSZPBs8ldEn2AsIZU9fp5paelUStE82AlucG+E03XmuE57iqQdes3ndmEYQ==",
      "requires": {
        "@aws-cdk/aws-iam": "0.18.0",
        "@aws-cdk/cdk": "0.18.0"
      }
    },
    "@aws-cdk/aws-ecs": {
      "version": "0.18.0",
      "resolved": "https://registry.npmjs.org/@aws-cdk/aws-ecs/-/aws-ecs-0.18.0.tgz",
      "integrity": "sha512-aRoyU9NshNZvu3OLe2zKCK2xm7AiLzdM3K00SQJ7WwTalkWygSP7zNUObeICtAX1EciCqEZwY5DuUb7WHjmsVw==",
      "requires": {
        "@aws-cdk/aws-applicationautoscaling": "0.18.0",
        "@aws-cdk/aws-autoscaling": "0.18.0",
        "@aws-cdk/aws-certificatemanager": "0.18.0",
        "@aws-cdk/aws-cloudformation": "0.18.0",
        "@aws-cdk/aws-cloudwatch": "0.18.0",
        "@aws-cdk/aws-ec2": "0.18.0",
        "@aws-cdk/aws-ecr": "0.18.0",
        "@aws-cdk/aws-elasticloadbalancing": "0.18.0",
        "@aws-cdk/aws-elasticloadbalancingv2": "0.18.0",
        "@aws-cdk/aws-iam": "0.18.0",
        "@aws-cdk/aws-lambda": "0.18.0",
        "@aws-cdk/aws-logs": "0.18.0",
        "@aws-cdk/aws-route53": "0.18.0",
        "@aws-cdk/aws-sns": "0.18.0",
        "@aws-cdk/cdk": "0.18.0",
        "@aws-cdk/cx-api": "0.18.0"
      }
    },
    "@aws-cdk/aws-elasticloadbalancing": {
      "version": "0.18.0",
      "resolved": "https://registry.npmjs.org/@aws-cdk/aws-elasticloadbalancing/-/aws-elasticloadbalancing-0.18.0.tgz",
      "integrity": "sha512-dlCBSLN0fWlaDf00t4LgX/lip64Q/ed/vBqMcTWgPFGiuyQlfXH9SvOKtCAXnQndXHN99v1U4aEpcOHfPz1tJQ==",
      "requires": {
        "@aws-cdk/aws-codedeploy-api": "0.18.0",
        "@aws-cdk/aws-ec2": "0.18.0",
        "@aws-cdk/cdk": "0.18.0"
      }
    },
    "@aws-cdk/aws-elasticloadbalancingv2": {
      "version": "0.18.0",
      "resolved": "https://registry.npmjs.org/@aws-cdk/aws-elasticloadbalancingv2/-/aws-elasticloadbalancingv2-0.18.0.tgz",
      "integrity": "sha512-5OI6Lm3uEZH5OH1B4IHm4py/nrb232CgkLSlvnAO4+t3+p9LvreUe4Q6G36kcdvTJ1tPeoeBwfw7h9qzOdCV4A==",
      "requires": {
        "@aws-cdk/aws-cloudwatch": "0.18.0",
        "@aws-cdk/aws-codedeploy-api": "0.18.0",
        "@aws-cdk/aws-ec2": "0.18.0",
        "@aws-cdk/aws-iam": "0.18.0",
        "@aws-cdk/aws-route53": "0.18.0",
        "@aws-cdk/aws-s3": "0.18.0",
        "@aws-cdk/cdk": "0.18.0"
      },
      "dependencies": {
        "@aws-cdk/aws-cloudwatch": {
          "version": "0.18.0",
          "resolved": "https://registry.npmjs.org/@aws-cdk/aws-cloudwatch/-/aws-cloudwatch-0.18.0.tgz",
          "integrity": "sha512-0hVdxR8rgAImKkt+W+q+LNe+pDzF5FDqPPXMvmRW/MtbMq1qkc5+c6a9ln/SlRMoXqpW7O43ZopVuTqO9v2grA==",
          "requires": {
            "@aws-cdk/aws-iam": "0.18.0",
            "@aws-cdk/cdk": "0.18.0"
          }
        },
        "@aws-cdk/aws-codedeploy-api": {
          "version": "0.18.0",
          "resolved": "https://registry.npmjs.org/@aws-cdk/aws-codedeploy-api/-/aws-codedeploy-api-0.18.0.tgz",
          "integrity": "sha512-CshTB9U13U+xHKBYc3sGnyBq6igXYzyGJu3+e+VRXz4wZMDJruwM+ENzcy/ROQOSmgguR2JpXPWB0mPWeE4stQ==",
          "requires": {
            "@aws-cdk/cdk": "0.18.0"
          }
        },
        "@aws-cdk/aws-codepipeline-api": {
          "version": "0.18.0",
          "resolved": "https://registry.npmjs.org/@aws-cdk/aws-codepipeline-api/-/aws-codepipeline-api-0.18.0.tgz",
          "integrity": "sha512-wIOK5Rc1z+l9M9gfxM69BgjeEsgXXgaN+wSFfruaj68SbJ7mczfcbM6IGra9WYamwAaliCWLhZHFPTqveuEVIw==",
          "requires": {
            "@aws-cdk/aws-events": "0.18.0",
            "@aws-cdk/aws-iam": "0.18.0",
            "@aws-cdk/cdk": "0.18.0"
          }
        },
        "@aws-cdk/aws-events": {
          "version": "0.18.0",
          "resolved": "https://registry.npmjs.org/@aws-cdk/aws-events/-/aws-events-0.18.0.tgz",
          "integrity": "sha512-AI1bVR9VMy21CimjgBXst0ncb1d3PoE5U2qWQfl4mCzUWx4x+APHIzmQPG2x5NWYEK2yg2GDiM5Q0aEjBY9RIQ==",
          "requires": {
            "@aws-cdk/aws-iam": "0.18.0",
            "@aws-cdk/cdk": "0.18.0"
          }
        },
        "@aws-cdk/aws-iam": {
          "version": "0.18.0",
          "resolved": "https://registry.npmjs.org/@aws-cdk/aws-iam/-/aws-iam-0.18.0.tgz",
          "integrity": "sha512-bOiXSpfam8bpSu5kZGQof8W5s7sA/QKJlC6y7cYT7k55Bm1Gf5mA1ZXGdOXXjpDCqgJY65u0Vwy6koUqZI7mfg==",
          "requires": {
            "@aws-cdk/cdk": "0.18.0"
          }
        },
        "@aws-cdk/aws-kms": {
          "version": "0.18.0",
          "resolved": "https://registry.npmjs.org/@aws-cdk/aws-kms/-/aws-kms-0.18.0.tgz",
          "integrity": "sha512-LNWqVZj/iOecX5biOxXn7FQRTE5povdKDbvefHTDRohig+nPAo/KMcSWGAzRBInwgWQxEX6PabJ5Q2OppiEfmg==",
          "requires": {
            "@aws-cdk/aws-iam": "0.18.0",
            "@aws-cdk/cdk": "0.18.0"
          }
        },
        "@aws-cdk/aws-s3": {
          "version": "0.18.0",
          "resolved": "https://registry.npmjs.org/@aws-cdk/aws-s3/-/aws-s3-0.18.0.tgz",
          "integrity": "sha512-hyJMTZ9n3GnTtle4LG+MYULtgG3VmOmEeYQyuhcvfv0OsplrlCQ7q4hckaN559O+DH/383kbjAp97Au6zEY3tw==",
          "requires": {
            "@aws-cdk/aws-codepipeline-api": "0.18.0",
            "@aws-cdk/aws-iam": "0.18.0",
            "@aws-cdk/aws-kms": "0.18.0",
            "@aws-cdk/aws-s3-notifications": "0.18.0",
            "@aws-cdk/cdk": "0.18.0"
          }
        },
        "@aws-cdk/aws-s3-notifications": {
          "version": "0.18.0",
          "resolved": "https://registry.npmjs.org/@aws-cdk/aws-s3-notifications/-/aws-s3-notifications-0.18.0.tgz",
          "integrity": "sha512-7kJaK6hd2NLWd87nEh6V/GH1x2SQVODj8FzNC1eUCgt6TT5AZN7XW97wxy++H3Qasq6pkIopOzZho7eyaPMoBw==",
          "requires": {
            "@aws-cdk/cdk": "0.18.0"
          }
        },
        "@aws-cdk/cdk": {
          "version": "0.18.0",
          "resolved": "https://registry.npmjs.org/@aws-cdk/cdk/-/cdk-0.18.0.tgz",
          "integrity": "sha512-FguKMU4SI2nU9nEnQm+GdSTiV1e+xDGwR0D3iouWyCnwOiJAiSd9tyMfWUIKCnLpco3bKYnuCnOs2B9558N8xg==",
          "requires": {
            "@aws-cdk/cx-api": "0.18.0",
            "js-base64": "2.4.9",
            "json-diff": "0.3.1"
          },
          "dependencies": {
            "cli-color": {
              "version": "0.1.7",
              "bundled": true,
              "requires": {
                "es5-ext": "0.8.2"
              }
            },
            "difflib": {
              "version": "0.2.4",
              "bundled": true,
              "requires": {
                "heap": "0.2.6"
              }
            },
            "dreamopt": {
              "version": "0.6.0",
              "bundled": true,
              "requires": {
                "wordwrap": "1.0.0"
              }
            },
            "es5-ext": {
              "version": "0.8.2",
              "bundled": true
            },
            "heap": {
              "version": "0.2.6",
              "bundled": true
            },
            "js-base64": {
              "version": "2.4.9",
              "bundled": true
            },
            "json-diff": {
              "version": "0.3.1",
              "bundled": true,
              "requires": {
                "cli-color": "0.1.7",
                "difflib": "0.2.4",
                "dreamopt": "0.6.0"
              }
            },
            "wordwrap": {
              "version": "1.0.0",
              "bundled": true
            }
          }
        },
        "@aws-cdk/cx-api": {
          "version": "0.18.0",
          "resolved": "https://registry.npmjs.org/@aws-cdk/cx-api/-/cx-api-0.18.0.tgz",
          "integrity": "sha512-GQ9D8YrupncuKIkWcvJJIhmrFsCXzEoOx6nsdJypyGnTCJT3KIxg97mNmPTr1sqd/km3S1gSe/WZ0XR+3MJpBw=="
        }
      }
    },
    "@aws-cdk/aws-events": {
      "version": "0.18.0",
      "resolved": "https://registry.npmjs.org/@aws-cdk/aws-events/-/aws-events-0.18.0.tgz",
      "integrity": "sha512-AI1bVR9VMy21CimjgBXst0ncb1d3PoE5U2qWQfl4mCzUWx4x+APHIzmQPG2x5NWYEK2yg2GDiM5Q0aEjBY9RIQ==",
      "requires": {
        "@aws-cdk/aws-iam": "0.18.0",
        "@aws-cdk/cdk": "0.18.0"
      }
    },
    "@aws-cdk/aws-iam": {
      "version": "0.18.0",
      "resolved": "https://registry.npmjs.org/@aws-cdk/aws-iam/-/aws-iam-0.18.0.tgz",
      "integrity": "sha512-bOiXSpfam8bpSu5kZGQof8W5s7sA/QKJlC6y7cYT7k55Bm1Gf5mA1ZXGdOXXjpDCqgJY65u0Vwy6koUqZI7mfg==",
      "requires": {
        "@aws-cdk/cdk": "0.18.0"
      }
    },
    "@aws-cdk/aws-kms": {
      "version": "0.18.0",
      "resolved": "https://registry.npmjs.org/@aws-cdk/aws-kms/-/aws-kms-0.18.0.tgz",
      "integrity": "sha512-LNWqVZj/iOecX5biOxXn7FQRTE5povdKDbvefHTDRohig+nPAo/KMcSWGAzRBInwgWQxEX6PabJ5Q2OppiEfmg==",
      "requires": {
        "@aws-cdk/aws-iam": "0.18.0",
        "@aws-cdk/cdk": "0.18.0"
      }
    },
    "@aws-cdk/aws-lambda": {
      "version": "0.18.0",
      "resolved": "https://registry.npmjs.org/@aws-cdk/aws-lambda/-/aws-lambda-0.18.0.tgz",
      "integrity": "sha512-FzGQ2SW0RatCTUnimmq6ckU016aT/i5y/MH4rZbvDB/4MJ6p6k2kC17cTLEAqb21dVJPIV147eN7FAnqI4XhSw==",
      "requires": {
        "@aws-cdk/assets": "0.18.0",
        "@aws-cdk/aws-cloudwatch": "0.18.0",
        "@aws-cdk/aws-codepipeline-api": "0.18.0",
        "@aws-cdk/aws-ec2": "0.18.0",
        "@aws-cdk/aws-events": "0.18.0",
        "@aws-cdk/aws-iam": "0.18.0",
        "@aws-cdk/aws-logs": "0.18.0",
        "@aws-cdk/aws-s3": "0.18.0",
        "@aws-cdk/aws-s3-notifications": "0.18.0",
        "@aws-cdk/aws-sqs": "0.18.0",
        "@aws-cdk/aws-stepfunctions": "0.18.0",
        "@aws-cdk/cdk": "0.18.0",
        "@aws-cdk/cx-api": "0.18.0"
      }
    },
    "@aws-cdk/aws-logs": {
      "version": "0.18.0",
      "resolved": "https://registry.npmjs.org/@aws-cdk/aws-logs/-/aws-logs-0.18.0.tgz",
      "integrity": "sha512-c+rO/n4qS7vPRw3KW37aB8YwTjoQz2oebcMbY+TntwdBWHpl0S6Yq5aTImbMdGH8lm6SmCHLPxf1/psprd0bJg==",
      "requires": {
        "@aws-cdk/aws-cloudwatch": "0.18.0",
        "@aws-cdk/aws-iam": "0.18.0",
        "@aws-cdk/cdk": "0.18.0"
      }
    },
    "@aws-cdk/aws-route53": {
      "version": "0.18.0",
      "resolved": "https://registry.npmjs.org/@aws-cdk/aws-route53/-/aws-route53-0.18.0.tgz",
      "integrity": "sha512-1JQNi9uaHUNK3+InAU93ulcnh/ROFj6xuGe+MVvCvTHf3HVc6SdYj2+hByciIDrohu9NVGCONhG2vlD4Ow0Ovg==",
      "requires": {
        "@aws-cdk/aws-ec2": "0.18.0",
        "@aws-cdk/aws-logs": "0.18.0",
        "@aws-cdk/cdk": "0.18.0",
        "@aws-cdk/cx-api": "0.18.0"
      },
      "dependencies": {
        "@aws-cdk/aws-cloudwatch": {
          "version": "0.18.0",
          "resolved": "https://registry.npmjs.org/@aws-cdk/aws-cloudwatch/-/aws-cloudwatch-0.18.0.tgz",
          "integrity": "sha512-0hVdxR8rgAImKkt+W+q+LNe+pDzF5FDqPPXMvmRW/MtbMq1qkc5+c6a9ln/SlRMoXqpW7O43ZopVuTqO9v2grA==",
          "requires": {
            "@aws-cdk/aws-iam": "0.18.0",
            "@aws-cdk/cdk": "0.18.0"
          }
        },
        "@aws-cdk/aws-iam": {
          "version": "0.18.0",
          "resolved": "https://registry.npmjs.org/@aws-cdk/aws-iam/-/aws-iam-0.18.0.tgz",
          "integrity": "sha512-bOiXSpfam8bpSu5kZGQof8W5s7sA/QKJlC6y7cYT7k55Bm1Gf5mA1ZXGdOXXjpDCqgJY65u0Vwy6koUqZI7mfg==",
          "requires": {
            "@aws-cdk/cdk": "0.18.0"
          }
        },
        "@aws-cdk/aws-logs": {
          "version": "0.18.0",
          "resolved": "https://registry.npmjs.org/@aws-cdk/aws-logs/-/aws-logs-0.18.0.tgz",
          "integrity": "sha512-c+rO/n4qS7vPRw3KW37aB8YwTjoQz2oebcMbY+TntwdBWHpl0S6Yq5aTImbMdGH8lm6SmCHLPxf1/psprd0bJg==",
          "requires": {
            "@aws-cdk/aws-cloudwatch": "0.18.0",
            "@aws-cdk/aws-iam": "0.18.0",
            "@aws-cdk/cdk": "0.18.0"
          }
        },
        "@aws-cdk/cdk": {
          "version": "0.18.0",
          "resolved": "https://registry.npmjs.org/@aws-cdk/cdk/-/cdk-0.18.0.tgz",
          "integrity": "sha512-FguKMU4SI2nU9nEnQm+GdSTiV1e+xDGwR0D3iouWyCnwOiJAiSd9tyMfWUIKCnLpco3bKYnuCnOs2B9558N8xg==",
          "requires": {
            "@aws-cdk/cx-api": "0.18.0",
            "js-base64": "2.4.9",
            "json-diff": "0.3.1"
          },
          "dependencies": {
            "cli-color": {
              "version": "0.1.7",
              "bundled": true,
              "requires": {
                "es5-ext": "0.8.2"
              }
            },
            "difflib": {
              "version": "0.2.4",
              "bundled": true,
              "requires": {
                "heap": "0.2.6"
              }
            },
            "dreamopt": {
              "version": "0.6.0",
              "bundled": true,
              "requires": {
                "wordwrap": "1.0.0"
              }
            },
            "es5-ext": {
              "version": "0.8.2",
              "bundled": true
            },
            "heap": {
              "version": "0.2.6",
              "bundled": true
            },
            "js-base64": {
              "version": "2.4.9",
              "bundled": true
            },
            "json-diff": {
              "version": "0.3.1",
              "bundled": true,
              "requires": {
                "cli-color": "0.1.7",
                "difflib": "0.2.4",
                "dreamopt": "0.6.0"
              }
            },
            "wordwrap": {
              "version": "1.0.0",
              "bundled": true
            }
          }
        },
        "@aws-cdk/cx-api": {
          "version": "0.18.0",
          "resolved": "https://registry.npmjs.org/@aws-cdk/cx-api/-/cx-api-0.18.0.tgz",
          "integrity": "sha512-GQ9D8YrupncuKIkWcvJJIhmrFsCXzEoOx6nsdJypyGnTCJT3KIxg97mNmPTr1sqd/km3S1gSe/WZ0XR+3MJpBw=="
        }
      }
    },
    "@aws-cdk/aws-s3": {
      "version": "0.18.0",
      "resolved": "https://registry.npmjs.org/@aws-cdk/aws-s3/-/aws-s3-0.18.0.tgz",
      "integrity": "sha512-hyJMTZ9n3GnTtle4LG+MYULtgG3VmOmEeYQyuhcvfv0OsplrlCQ7q4hckaN559O+DH/383kbjAp97Au6zEY3tw==",
      "requires": {
        "@aws-cdk/aws-codepipeline-api": "0.18.0",
        "@aws-cdk/aws-iam": "0.18.0",
        "@aws-cdk/aws-kms": "0.18.0",
        "@aws-cdk/aws-s3-notifications": "0.18.0",
        "@aws-cdk/cdk": "0.18.0"
      }
    },
    "@aws-cdk/aws-s3-notifications": {
      "version": "0.18.0",
      "resolved": "https://registry.npmjs.org/@aws-cdk/aws-s3-notifications/-/aws-s3-notifications-0.18.0.tgz",
      "integrity": "sha512-7kJaK6hd2NLWd87nEh6V/GH1x2SQVODj8FzNC1eUCgt6TT5AZN7XW97wxy++H3Qasq6pkIopOzZho7eyaPMoBw==",
      "requires": {
        "@aws-cdk/cdk": "0.18.0"
      }
    },
    "@aws-cdk/aws-sns": {
      "version": "0.18.0",
      "resolved": "https://registry.npmjs.org/@aws-cdk/aws-sns/-/aws-sns-0.18.0.tgz",
      "integrity": "sha512-3pmN5ucOzVuY8oH7h2QDHjmlfW3PCOgdTBSVF8/3P5XUFAA5BAaNMSeqmveTNuVGcQJSzYG90ngKKlqmxBxrWg==",
      "requires": {
        "@aws-cdk/aws-autoscaling-api": "0.18.0",
        "@aws-cdk/aws-cloudwatch": "0.18.0",
        "@aws-cdk/aws-events": "0.18.0",
        "@aws-cdk/aws-iam": "0.18.0",
        "@aws-cdk/aws-lambda": "0.18.0",
        "@aws-cdk/aws-s3-notifications": "0.18.0",
        "@aws-cdk/aws-sqs": "0.18.0",
        "@aws-cdk/cdk": "0.18.0"
      }
    },
    "@aws-cdk/aws-sqs": {
      "version": "0.18.0",
      "resolved": "https://registry.npmjs.org/@aws-cdk/aws-sqs/-/aws-sqs-0.18.0.tgz",
      "integrity": "sha512-hTlIrgGEf+zH09ysGByhGRVe25bZ7bOdCpCETsEm8Bj09JFcox1Ce+GG3WMikVNZ5U3nYJvK0pPw6ruQ6EqP5g==",
      "requires": {
        "@aws-cdk/aws-autoscaling-api": "0.18.0",
        "@aws-cdk/aws-iam": "0.18.0",
        "@aws-cdk/aws-kms": "0.18.0",
        "@aws-cdk/aws-s3-notifications": "0.18.0",
        "@aws-cdk/cdk": "0.18.0"
      }
    },
    "@aws-cdk/aws-stepfunctions": {
      "version": "0.18.0",
      "resolved": "https://registry.npmjs.org/@aws-cdk/aws-stepfunctions/-/aws-stepfunctions-0.18.0.tgz",
      "integrity": "sha512-WLFR57iqkAVG2N+L6Usr2DwiuI3BpHGUfKTTqJ6kL3koEsvDyQM0Tr6RfXUGxI/Q5NITHe1pWu36Cf5x63kzXg==",
      "requires": {
        "@aws-cdk/aws-cloudwatch": "0.18.0",
        "@aws-cdk/aws-events": "0.18.0",
        "@aws-cdk/aws-iam": "0.18.0",
        "@aws-cdk/cdk": "0.18.0"
      }
    },
    "@aws-cdk/cdk": {
      "version": "0.18.0",
      "resolved": "https://registry.npmjs.org/@aws-cdk/cdk/-/cdk-0.18.0.tgz",
      "integrity": "sha512-FguKMU4SI2nU9nEnQm+GdSTiV1e+xDGwR0D3iouWyCnwOiJAiSd9tyMfWUIKCnLpco3bKYnuCnOs2B9558N8xg==",
      "requires": {
        "@aws-cdk/cx-api": "0.18.0",
        "js-base64": "2.4.9",
        "json-diff": "0.3.1"
      },
      "dependencies": {
        "cli-color": {
          "version": "0.1.7",
          "bundled": true,
          "requires": {
            "es5-ext": "0.8.2"
          }
        },
        "difflib": {
          "version": "0.2.4",
          "bundled": true,
          "requires": {
            "heap": "0.2.6"
          }
        },
        "dreamopt": {
          "version": "0.6.0",
          "bundled": true,
          "requires": {
            "wordwrap": "1.0.0"
          }
        },
        "es5-ext": {
          "version": "0.8.2",
          "bundled": true
        },
        "heap": {
          "version": "0.2.6",
          "bundled": true
        },
        "js-base64": {
          "version": "2.4.9",
          "bundled": true
        },
        "json-diff": {
          "version": "0.3.1",
          "bundled": true,
          "requires": {
            "cli-color": "0.1.7",
            "difflib": "0.2.4",
            "dreamopt": "0.6.0"
          }
        },
        "wordwrap": {
          "version": "1.0.0",
          "bundled": true
        }
      }
    },
    "@aws-cdk/cx-api": {
      "version": "0.18.0",
      "resolved": "https://registry.npmjs.org/@aws-cdk/cx-api/-/cx-api-0.18.0.tgz",
      "integrity": "sha512-GQ9D8YrupncuKIkWcvJJIhmrFsCXzEoOx6nsdJypyGnTCJT3KIxg97mNmPTr1sqd/km3S1gSe/WZ0XR+3MJpBw=="
    }
  }
}
